
Microsoft Visual Studio Solution File, Format Version 12.00
# Visual Studio Version 17
VisualStudioVersion = 17.12.35707.178
MinimumVisualStudioVersion = 10.0.40219.1
Project("{2150E333-8FDC-42A3-9474-1A3956D46DE8}") = "Solution Items", "Solution Items", "{BCC6E6D2-343B-4C48-854D-5FE3BBC3CB70}"
	ProjectSection(SolutionItems) = preProject
		.gitignore = .gitignore
		AGENTS.md = AGENTS.md
		background.js = background.js
		build-xpi.ps1 = build-xpi.ps1
		details.html = details.html
		details.js = details.js
		LICENSE = LICENSE
		logger.js = logger.js
		manifest.json = manifest.json
		README.md = README.md
	EndProjectSection
	ProjectSection(FolderGlobals) = preProject
		Q_5_4Users_4Jordan_4Documents_4Gitea_4thunderbird-ai-filter_4src_4manifest_1json__JsonSchema = 
	EndProjectSection
EndProject
Project("{2150E333-8FDC-42A3-9474-1A3956D46DE8}") = "options", "options", "{7372FCA6-B0BC-4968-A748-7ABB17A7929A}"
	ProjectSection(SolutionItems) = preProject
		options\bulma.css = options\bulma.css
		options\options.html = options\options.html
		options\options.js = options\options.js
	EndProjectSection
EndProject
Project("{2150E333-8FDC-42A3-9474-1A3956D46DE8}") = "modules", "modules", "{75ED3C1E-D3C7-4546-9F2E-AC85859DDF4B}"
	ProjectSection(SolutionItems) = preProject
		modules\AiClassifier.js = modules\AiClassifier.js
	EndProjectSection
EndProject
Project("{2150E333-8FDC-42A3-9474-1A3956D46DE8}") = "_locales", "_locales", "{D446E5C6-BDDE-4091-BD1A-EC57170003CF}"
EndProject
Project("{2150E333-8FDC-42A3-9474-1A3956D46DE8}") = "en-US", "en-US", "{8BEA7793-3336-40ED-AB96-7FFB09FEB0F6}"
	ProjectSection(SolutionItems) = preProject
		_locales\en-US\messages.json = _locales\en-US\messages.json
	EndProjectSection
EndProject
Project("{2150E333-8FDC-42A3-9474-1A3956D46DE8}") = "prompt_templates", "prompt_templates", "{86516D53-50D4-4FE2-9D8A-977A8F5EBDBD}"
	ProjectSection(SolutionItems) = preProject
		prompt_templates\mistral.txt = prompt_templates\mistral.txt
		prompt_templates\openai.txt = prompt_templates\openai.txt
		prompt_templates\qwen.txt = prompt_templates\qwen.txt
	EndProjectSection
EndProject
Project("{2150E333-8FDC-42A3-9474-1A3956D46DE8}") = "resources", "resources", "{68A87938-5C2B-49F5-8AAA-8A34FBBFD854}"
	ProjectSection(SolutionItems) = preProject
		resources\svg2img.ps1 = resources\svg2img.ps1
	EndProjectSection
EndProject
Project("{2150E333-8FDC-42A3-9474-1A3956D46DE8}") = "img", "img", "{F266602F-1755-4A95-A11B-6C90C701C5BF}"
	ProjectSection(SolutionItems) = preProject
		resources\img\average-16.png = resources\img\average-16.png
		resources\img\average-32.png = resources\img\average-32.png
		resources\img\average-64.png = resources\img\average-64.png
		resources\img\check-16.png = resources\img\check-16.png
		resources\img\check-32.png = resources\img\check-32.png
		resources\img\check-64.png = resources\img\check-64.png
		resources\img\circle-16.png = resources\img\circle-16.png
		resources\img\circle-32.png = resources\img\circle-32.png
		resources\img\circle-64.png = resources\img\circle-64.png
		resources\img\circledots-16.png = resources\img\circledots-16.png
		resources\img\circledots-32.png = resources\img\circledots-32.png
		resources\img\circledots-64.png = resources\img\circledots-64.png
		resources\img\clipboarddata-16.png = resources\img\clipboarddata-16.png
		resources\img\clipboarddata-32.png = resources\img\clipboarddata-32.png
		resources\img\clipboarddata-64.png = resources\img\clipboarddata-64.png
		resources\img\download-16.png = resources\img\download-16.png
		resources\img\download-32.png = resources\img\download-32.png
		resources\img\download-64.png = resources\img\download-64.png
		resources\img\eye-16.png = resources\img\eye-16.png
		resources\img\eye-32.png = resources\img\eye-32.png
		resources\img\eye-64.png = resources\img\eye-64.png
		resources\img\flag-16.png = resources\img\flag-16.png
		resources\img\flag-32.png = resources\img\flag-32.png
		resources\img\flag-64.png = resources\img\flag-64.png
		resources\img\full-logo-white.png = resources\img\full-logo-white.png
		resources\img\full-logo.png = resources\img\full-logo.png
		resources\img\gear-16.png = resources\img\gear-16.png
		resources\img\gear-32.png = resources\img\gear-32.png
		resources\img\gear-64.png = resources\img\gear-64.png
		resources\img\logo.png = resources\img\logo.png
		resources\img\logo128.png = resources\img\logo128.png
		resources\img\logo16.png = resources\img\logo16.png
		resources\img\logo32.png = resources\img\logo32.png
		resources\img\logo48.png = resources\img\logo48.png
		resources\img\logo64.png = resources\img\logo64.png
		resources\img\logo96.png = resources\img\logo96.png
		resources\img\reply-16.png = resources\img\reply-16.png
		resources\img\reply-32.png = resources\img\reply-32.png
		resources\img\reply-64.png = resources\img\reply-64.png
		resources\img\settings-16.png = resources\img\settings-16.png
		resources\img\settings-32.png = resources\img\settings-32.png
		resources\img\settings-64.png = resources\img\settings-64.png
		resources\img\trash-16.png = resources\img\trash-16.png
		resources\img\trash-32.png = resources\img\trash-32.png
		resources\img\trash-64.png = resources\img\trash-64.png
		resources\img\upload-16.png = resources\img\upload-16.png
		resources\img\upload-32.png = resources\img\upload-32.png
		resources\img\upload-64.png = resources\img\upload-64.png
		resources\img\x-16.png = resources\img\x-16.png
		resources\img\x-32.png = resources\img\x-32.png
		resources\img\x-64.png = resources\img\x-64.png
	EndProjectSection
EndProject
Project("{2150E333-8FDC-42A3-9474-1A3956D46DE8}") = "js", "js", "{21D2A42C-3F85-465C-9141-C106AFD92B68}"
	ProjectSection(SolutionItems) = preProject
		resources\js\turndown.js = resources\js\turndown.js
	EndProjectSection
EndProject
Project("{2150E333-8FDC-42A3-9474-1A3956D46DE8}") = "svg", "svg", "{D4E9C905-4884-488E-B763-5BD39049C1B1}"
	ProjectSection(SolutionItems) = preProject
		resources\svg\average.svg = resources\svg\average.svg
		resources\svg\check.svg = resources\svg\check.svg
		resources\svg\circle.svg = resources\svg\circle.svg
		resources\svg\circledots.svg = resources\svg\circledots.svg
		resources\svg\clipboarddata.svg = resources\svg\clipboarddata.svg
		resources\svg\download.svg = resources\svg\download.svg
		resources\svg\eye.svg = resources\svg\eye.svg
		resources\svg\flag.svg = resources\svg\flag.svg
		resources\svg\gear.svg = resources\svg\gear.svg
		resources\svg\reply.svg = resources\svg\reply.svg
		resources\svg\settings.svg = resources\svg\settings.svg
		resources\svg\trash.svg = resources\svg\trash.svg
		resources\svg\upload.svg = resources\svg\upload.svg
		resources\svg\x.svg = resources\svg\x.svg
	EndProjectSection
EndProject
Global
	GlobalSection(SolutionProperties) = preSolution
		HideSolutionNode = FALSE
	EndGlobalSection
	GlobalSection(NestedProjects) = preSolution
		{7372FCA6-B0BC-4968-A748-7ABB17A7929A} = {BCC6E6D2-343B-4C48-854D-5FE3BBC3CB70}
		{75ED3C1E-D3C7-4546-9F2E-AC85859DDF4B} = {BCC6E6D2-343B-4C48-854D-5FE3BBC3CB70}
		{D446E5C6-BDDE-4091-BD1A-EC57170003CF} = {BCC6E6D2-343B-4C48-854D-5FE3BBC3CB70}
		{8BEA7793-3336-40ED-AB96-7FFB09FEB0F6} = {D446E5C6-BDDE-4091-BD1A-EC57170003CF}
		{86516D53-50D4-4FE2-9D8A-977A8F5EBDBD} = {BCC6E6D2-343B-4C48-854D-5FE3BBC3CB70}
		{68A87938-5C2B-49F5-8AAA-8A34FBBFD854} = {BCC6E6D2-343B-4C48-854D-5FE3BBC3CB70}
		{F266602F-1755-4A95-A11B-6C90C701C5BF} = {68A87938-5C2B-49F5-8AAA-8A34FBBFD854}
		{21D2A42C-3F85-465C-9141-C106AFD92B68} = {68A87938-5C2B-49F5-8AAA-8A34FBBFD854}
		{D4E9C905-4884-488E-B763-5BD39049C1B1} = {68A87938-5C2B-49F5-8AAA-8A34FBBFD854}
	EndGlobalSection
EndGlobal
