
Microsoft Visual Studio Solution File, Format Version 12.00
# Visual Studio Version 17
VisualStudioVersion = 17.12.35707.178
MinimumVisualStudioVersion = 10.0.40219.1
Project("{2150E333-8FDC-42A3-9474-1A3956D46DE8}") = "Solution Items", "Solution Items", "{BCC6E6D2-343B-4C48-854D-5FE3BBC3CB70}"
	ProjectSection(SolutionItems) = preProject
		.gitignore = .gitignore
		AGENTS.md = AGENTS.md
		background.js = background.js
		build-xpi.ps1 = build-xpi.ps1
		LICENSE = LICENSE
		logger.js = logger.js
		manifest.json = manifest.json
		README.md = README.md
		reasoning.html = reasoning.html
		reasoning.js = reasoning.js
	EndProjectSection
	ProjectSection(FolderGlobals) = preProject
		Q_5_4Users_4Jordan_4Documents_4Gitea_4thunderbird-ai-filter_4src_4manifest_1json__JsonSchema = 
	EndProjectSection
EndProject
Project("{2150E333-8FDC-42A3-9474-1A3956D46DE8}") = "options", "options", "{7372FCA6-B0BC-4968-A748-7ABB17A7929A}"
	ProjectSection(SolutionItems) = preProject
		options\bulma.css = options\bulma.css
		options\options.html = options\options.html
		options\options.js = options\options.js
	EndProjectSection
EndProject
Project("{2150E333-8FDC-42A3-9474-1A3956D46DE8}") = "modules", "modules", "{75ED3C1E-D3C7-4546-9F2E-AC85859DDF4B}"
	ProjectSection(SolutionItems) = preProject
		modules\ExpressionSearchFilter.jsm = modules\ExpressionSearchFilter.jsm
		modules\logger.jsm = modules\logger.jsm
	EndProjectSection
EndProject
Project("{2150E333-8FDC-42A3-9474-1A3956D46DE8}") = "_locales", "_locales", "{D446E5C6-BDDE-4091-BD1A-EC57170003CF}"
EndProject
Project("{2150E333-8FDC-42A3-9474-1A3956D46DE8}") = "en-US", "en-US", "{8BEA7793-3336-40ED-AB96-7FFB09FEB0F6}"
	ProjectSection(SolutionItems) = preProject
		_locales\en-US\messages.json = _locales\en-US\messages.json
	EndProjectSection
EndProject
Project("{2150E333-8FDC-42A3-9474-1A3956D46DE8}") = "content", "content", "{028FDA4B-AC3E-4A0E-9291-978E213F9B78}"
	ProjectSection(SolutionItems) = preProject
		content\filterEditor.js = content\filterEditor.js
	EndProjectSection
EndProject
Project("{2150E333-8FDC-42A3-9474-1A3956D46DE8}") = "prompt_templates", "prompt_templates", "{86516D53-50D4-4FE2-9D8A-977A8F5EBDBD}"
	ProjectSection(SolutionItems) = preProject
		prompt_templates\mistral.txt = prompt_templates\mistral.txt
		prompt_templates\openai.txt = prompt_templates\openai.txt
		prompt_templates\qwen.txt = prompt_templates\qwen.txt
	EndProjectSection
EndProject
Project("{2150E333-8FDC-42A3-9474-1A3956D46DE8}") = "resources", "resources", "{68A87938-5C2B-49F5-8AAA-8A34FBBFD854}"
	ProjectSection(SolutionItems) = preProject
		resources\clearCacheButton.js = resources\clearCacheButton.js
		resources\reasonButton.js = resources\reasonButton.js
	EndProjectSection
EndProject
Project("{2150E333-8FDC-42A3-9474-1A3956D46DE8}") = "img", "img", "{F266602F-1755-4A95-A11B-6C90C701C5BF}"
	ProjectSection(SolutionItems) = preProject
		resources\img\brain.png = resources\img\brain.png
		resources\img\busy.png = resources\img\busy.png
		resources\img\done.png = resources\img\done.png
		resources\img\error.png = resources\img\error.png
		resources\img\full-logo.png = resources\img\full-logo.png
		resources\img\logo.png = resources\img\logo.png
		resources\img\logo128.png = resources\img\logo128.png
		resources\img\logo16.png = resources\img\logo16.png
		resources\img\logo32.png = resources\img\logo32.png
		resources\img\logo48.png = resources\img\logo48.png
		resources\img\logo64.png = resources\img\logo64.png
		resources\img\logo96.png = resources\img\logo96.png
	EndProjectSection
EndProject
Global
	GlobalSection(SolutionProperties) = preSolution
		HideSolutionNode = FALSE
	EndGlobalSection
	GlobalSection(NestedProjects) = preSolution
		{7372FCA6-B0BC-4968-A748-7ABB17A7929A} = {BCC6E6D2-343B-4C48-854D-5FE3BBC3CB70}
		{75ED3C1E-D3C7-4546-9F2E-AC85859DDF4B} = {BCC6E6D2-343B-4C48-854D-5FE3BBC3CB70}
		{D446E5C6-BDDE-4091-BD1A-EC57170003CF} = {BCC6E6D2-343B-4C48-854D-5FE3BBC3CB70}
		{8BEA7793-3336-40ED-AB96-7FFB09FEB0F6} = {D446E5C6-BDDE-4091-BD1A-EC57170003CF}
		{028FDA4B-AC3E-4A0E-9291-978E213F9B78} = {BCC6E6D2-343B-4C48-854D-5FE3BBC3CB70}
		{86516D53-50D4-4FE2-9D8A-977A8F5EBDBD} = {BCC6E6D2-343B-4C48-854D-5FE3BBC3CB70}
		{68A87938-5C2B-49F5-8AAA-8A34FBBFD854} = {BCC6E6D2-343B-4C48-854D-5FE3BBC3CB70}
		{F266602F-1755-4A95-A11B-6C90C701C5BF} = {68A87938-5C2B-49F5-8AAA-8A34FBBFD854}
	EndGlobalSection
EndGlobal
